
Microsoft Visual Studio Solution File, Format Version 12.00
# Visual Studio 14
VisualStudioVersion = 14.0.24720.0
MinimumVisualStudioVersion = 10.0.40219.1
Project("{2150E333-8FDC-42A3-9474-1A3956D46DE8}") = "src", "src", "{5079DD6E-1BA8-4A2E-94A4-FF1CA19DACD7}"
EndProject
Project("{2150E333-8FDC-42A3-9474-1A3956D46DE8}") = "Solution Items", "Solution Items", "{88DE6066-7667-44DA-9C20-7E4560C3D409}"
	ProjectSection(SolutionItems) = preProject
		global.json = global.json
	EndProjectSection
EndProject
Project("{8BB2217D-0F2D-49D1-97BC-3654ED321F3B}") = "SharpFora", "src\SharpFora\SharpFora.xproj", "{E2398F71-AFF3-4605-9763-67808998E9C6}"
EndProject
Project("{8BB2217D-0F2D-49D1-97BC-3654ED321F3B}") = "SharpFora.DAL", "src\SharpFora.DAL\SharpFora.DAL.xproj", "{4AE428E5-7EF7-4CF4-8CC5-84052878E129}"
EndProject
Project("{8BB2217D-0F2D-49D1-97BC-3654ED321F3B}") = "SharpFora.WebSockets", "src\SharpFora.WebSockets\SharpFora.WebSockets.xproj", "{52368A3F-5BC1-444D-9A4E-76CA3495EC13}"
EndProject
Global
	GlobalSection(SolutionConfigurationPlatforms) = preSolution
		Debug|Any CPU = Debug|Any CPU
		Release|Any CPU = Release|Any CPU
	EndGlobalSection
	GlobalSection(ProjectConfigurationPlatforms) = postSolution
		{E2398F71-AFF3-4605-9763-67808998E9C6}.Debug|Any CPU.ActiveCfg = Debug|Any CPU
		{E2398F71-AFF3-4605-9763-67808998E9C6}.Debug|Any CPU.Build.0 = Debug|Any CPU
		{E2398F71-AFF3-4605-9763-67808998E9C6}.Release|Any CPU.ActiveCfg = Release|Any CPU
		{E2398F71-AFF3-4605-9763-67808998E9C6}.Release|Any CPU.Build.0 = Release|Any CPU
		{4AE428E5-7EF7-4CF4-8CC5-84052878E129}.Debug|Any CPU.ActiveCfg = Debug|Any CPU
		{4AE428E5-7EF7-4CF4-8CC5-84052878E129}.Debug|Any CPU.Build.0 = Debug|Any CPU
		{4AE428E5-7EF7-4CF4-8CC5-84052878E129}.Release|Any CPU.ActiveCfg = Release|Any CPU
		{4AE428E5-7EF7-4CF4-8CC5-84052878E129}.Release|Any CPU.Build.0 = Release|Any CPU
		{52368A3F-5BC1-444D-9A4E-76CA3495EC13}.Debug|Any CPU.ActiveCfg = Debug|Any CPU
		{52368A3F-5BC1-444D-9A4E-76CA3495EC13}.Debug|Any CPU.Build.0 = Debug|Any CPU
		{52368A3F-5BC1-444D-9A4E-76CA3495EC13}.Release|Any CPU.ActiveCfg = Release|Any CPU
		{52368A3F-5BC1-444D-9A4E-76CA3495EC13}.Release|Any CPU.Build.0 = Release|Any CPU
	EndGlobalSection
	GlobalSection(SolutionProperties) = preSolution
		HideSolutionNode = FALSE
	EndGlobalSection
	GlobalSection(NestedProjects) = preSolution
		{E2398F71-AFF3-4605-9763-67808998E9C6} = {5079DD6E-1BA8-4A2E-94A4-FF1CA19DACD7}
		{4AE428E5-7EF7-4CF4-8CC5-84052878E129} = {5079DD6E-1BA8-4A2E-94A4-FF1CA19DACD7}
		{52368A3F-5BC1-444D-9A4E-76CA3495EC13} = {5079DD6E-1BA8-4A2E-94A4-FF1CA19DACD7}
	EndGlobalSection
EndGlobal
